
Microsoft Visual Studio Solution File, Format Version 12.00
# Visual Studio 15
VisualStudioVersion = 15.0.27428.2037
MinimumVisualStudioVersion = 10.0.40219.1
Project("{8BC9CEB8-8B4A-11D0-8D11-00A0C91BC942}") = "NodeGraphEditor", "NodeGraphEditor\NodeGraphEditor.vcxproj", "{5A6E90A3-C479-4882-85CF-998B0EFFAF03}"
EndProject
Global
	GlobalSection(SolutionConfigurationPlatforms) = preSolution
		Debug|x64 = Debug|x64
		Debug|x86 = Debug|x86
		Release|x64 = Release|x64
		Release|x86 = Release|x86
	EndGlobalSection
	GlobalSection(ProjectConfigurationPlatforms) = postSolution
		{5A6E90A3-C479-4882-85CF-998B0EFFAF03}.Debug|x64.ActiveCfg = Debug|x64
		{5A6E90A3-C479-4882-85CF-998B0EFFAF03}.Debug|x64.Build.0 = Debug|x64
		{5A6E90A3-C479-4882-85CF-998B0EFFAF03}.Debug|x86.ActiveCfg = Debug|Win32
		{5A6E90A3-C479-4882-85CF-998B0EFFAF03}.Debug|x86.Build.0 = Debug|Win32
		{5A6E90A3-C479-4882-85CF-998B0EFFAF03}.Release|x64.ActiveCfg = Release|x64
		{5A6E90A3-C479-4882-85CF-998B0EFFAF03}.Release|x64.Build.0 = Release|x64
		{5A6E90A3-C479-4882-85CF-998B0EFFAF03}.Release|x86.ActiveCfg = Release|Win32
		{5A6E90A3-C479-4882-85CF-998B0EFFAF03}.Release|x86.Build.0 = Release|Win32
	EndGlobalSection
	GlobalSection(SolutionProperties) = preSolution
		HideSolutionNode = FALSE
	EndGlobalSection
	GlobalSection(ExtensibilityGlobals) = postSolution
		SolutionGuid = {A71B9584-213D-4346-A645-A7887C3AD358}
	EndGlobalSection
EndGlobal
